<?xml version="1.0" encoding="utf-8"?>
<Project ToolsVersion="4.0" xmlns="http://schemas.microsoft.com/developer/msbuild/2003">
  <ItemGroup>
    <Filter Include="ソース ファイル">
      <UniqueIdentifier>{4FC737F1-C7A5-4376-A066-2A32D752A2FF}</UniqueIdentifier>
      <Extensions>cpp;c;cc;cxx;c++;cppm;ixx;def;odl;idl;hpj;bat;asm;asmx</Extensions>
    </Filter>
    <Filter Include="ヘッダー ファイル">
      <UniqueIdentifier>{93995380-89BD-4b04-88EB-625FBE52EBFB}</UniqueIdentifier>
      <Extensions>h;hh;hpp;hxx;h++;hm;inl;inc;ipp;xsd</Extensions>
    </Filter>
    <Filter Include="リソース ファイル">
      <UniqueIdentifier>{67DA6AB6-F800-4c08-8B7A-83BB121AAD01}</UniqueIdentifier>
      <Extensions>rc;ico;cur;bmp;dlg;rc2;rct;bin;rgs;gif;jpg;jpeg;jpe;resx;tiff;tif;png;wav;mfcribbon-ms</Extensions>
    </Filter>
    <Filter Include="ソース ファイル\AI">
      <UniqueIdentifier>{b459a106-97b9-40fe-8eb7-c01bcdc372dc}</UniqueIdentifier>
    </Filter>
    <Filter Include="ソース ファイル\AI\Optimizer">
      <UniqueIdentifier>{6b820189-316d-447e-a3f3-9ceb186102c2}</UniqueIdentifier>
    </Filter>
    <Filter Include="ソース ファイル\AI\Optimizer\Adam">
      <UniqueIdentifier>{750b72ff-76ca-4ff8-bfc6-077d050556d2}</UniqueIdentifier>
    </Filter>
    <Filter Include="ソース ファイル\AI\Layer">
      <UniqueIdentifier>{63f292cd-b41c-4524-b673-ba0236af74f1}</UniqueIdentifier>
    </Filter>
    <Filter Include="ソース ファイル\AI\Layer\Affine">
      <UniqueIdentifier>{19a07c14-860d-40f0-bdf5-1927bd6a6e38}</UniqueIdentifier>
    </Filter>
    <Filter Include="ソース ファイル\AI\Layer\ReLU">
      <UniqueIdentifier>{fa6def5b-1971-4d47-948f-9aeced724c8f}</UniqueIdentifier>
    </Filter>
    <Filter Include="ソース ファイル\AI\Optimizer\Sgd">
      <UniqueIdentifier>{5d58e468-7fd5-4cce-b231-f60852a95f54}</UniqueIdentifier>
    </Filter>
    <Filter Include="ソース ファイル\AI\LossFunction">
      <UniqueIdentifier>{2e71908e-8201-44ec-b7cc-509db29acc86}</UniqueIdentifier>
    </Filter>
    <Filter Include="ソース ファイル\AI\LossFunction\CrossEntropyWithSM">
      <UniqueIdentifier>{7e164bbe-00a4-49d5-bd17-4e6adbef13cb}</UniqueIdentifier>
    </Filter>
    <Filter Include="ソース ファイル\AI\Layer\BatchNorm2d">
      <UniqueIdentifier>{df9e468e-f6ab-48b0-b2e3-046dc70ca0e8}</UniqueIdentifier>
    </Filter>
    <Filter Include="ソース ファイル\AI\LossFunction\L2Loss">
      <UniqueIdentifier>{d6736daf-d4dd-40a2-a02d-6641e3b876f3}</UniqueIdentifier>
    </Filter>
    <Filter Include="ソース ファイル\AI\Layer\Convolution">
      <UniqueIdentifier>{58c6d8c7-46fb-4523-bb8c-57a2a901b0b2}</UniqueIdentifier>
    </Filter>
    <Filter Include="ソース ファイル\AI\Layer\TransposeConv">
      <UniqueIdentifier>{27d7695d-8a95-4e76-a17f-189475a074ee}</UniqueIdentifier>
    </Filter>
  </ItemGroup>
  <ItemGroup>
    <CudaCompile Include="main.cpp">
      <Filter>ソース ファイル</Filter>
    </CudaCompile>
    <CudaCompile Include="AI\AI.cu">
      <Filter>ソース ファイル\AI</Filter>
    </CudaCompile>
    <CudaCompile Include="AI\Optimizer\Adam\Adam.cu">
      <Filter>ソース ファイル\AI\Optimizer\Adam</Filter>
    </CudaCompile>
    <CudaCompile Include="AI\Layer\Affine\Affine.cu">
      <Filter>ソース ファイル\AI\Layer\Affine</Filter>
    </CudaCompile>
    <CudaCompile Include="AI\Layer\ReLU\ReLU.cu">
      <Filter>ソース ファイル\AI\Layer\ReLU</Filter>
    </CudaCompile>
    <CudaCompile Include="AI\Optimizer\Sgd\Sgd.cu">
      <Filter>ソース ファイル\AI\Optimizer\Sgd</Filter>
    </CudaCompile>
    <CudaCompile Include="AI\LossFunction\CrossEntropyWithSM\CrossEntropyWithSM.cu">
      <Filter>ソース ファイル\AI\LossFunction\CrossEntropyWithSM</Filter>
    </CudaCompile>
    <CudaCompile Include="AI\Layer\BatchNorm2d\BatchNorm2d.cu">
      <Filter>ソース ファイル\AI\Layer\BatchNorm2d</Filter>
    </CudaCompile>
    <CudaCompile Include="AI\LossFunction\L2Loss\L2Loss.cu">
      <Filter>ソース ファイル\AI\LossFunction\L2Loss</Filter>
    </CudaCompile>
    <CudaCompile Include="AI\Layer\Convolution\Convolution.cu">
      <Filter>ソース ファイル\AI\Layer\Convolution</Filter>
    </CudaCompile>
  </ItemGroup>
  <ItemGroup>
    <ClInclude Include="typeinfo.h">
      <Filter>ヘッダー ファイル</Filter>
    </ClInclude>
    <ClInclude Include="AI\AI.h">
      <Filter>ソース ファイル\AI</Filter>
    </ClInclude>
    <ClInclude Include="AI\Optimizer\BaseOptimizer.h">
      <Filter>ソース ファイル\AI\Optimizer</Filter>
    </ClInclude>
    <ClInclude Include="AI\Optimizer\Optimizer.h">
      <Filter>ソース ファイル\AI\Optimizer</Filter>
    </ClInclude>
    <ClInclude Include="AI\Optimizer\Adam\Adam.h">
      <Filter>ソース ファイル\AI\Optimizer\Adam</Filter>
    </ClInclude>
    <ClInclude Include="AI\Layer\BaseLayer.h">
      <Filter>ソース ファイル\AI\Layer</Filter>
    </ClInclude>
    <ClInclude Include="AI\Layer\Layer.h">
      <Filter>ソース ファイル\AI\Layer</Filter>
    </ClInclude>
    <ClInclude Include="AI\Layer\Affine\Affine.h">
      <Filter>ソース ファイル\AI\Layer\Affine</Filter>
    </ClInclude>
    <ClInclude Include="AI\Layer\ReLU\ReLU.h">
      <Filter>ソース ファイル\AI\Layer\ReLU</Filter>
    </ClInclude>
    <ClInclude Include="AI\AIDataStructure.h">
      <Filter>ソース ファイル\AI</Filter>
    </ClInclude>
    <ClInclude Include="AI\Optimizer\Sgd\Sgd.h">
      <Filter>ソース ファイル\AI\Optimizer\Sgd</Filter>
    </ClInclude>
    <ClInclude Include="AI\LossFunction\BaseLossFunction.h">
      <Filter>ソース ファイル\AI\LossFunction</Filter>
    </ClInclude>
    <ClInclude Include="AI\LossFunction\LossFunction.h">
      <Filter>ソース ファイル\AI\LossFunction</Filter>
    </ClInclude>
    <ClInclude Include="AI\LossFunction\CrossEntropyWithSM\CrossEntropyWithSM.h">
      <Filter>ソース ファイル\AI\LossFunction\CrossEntropyWithSM</Filter>
    </ClInclude>
    <ClInclude Include="AI\Layer\BatchNorm2d\BatchNorm2d.h">
      <Filter>ソース ファイル\AI\Layer\BatchNorm2d</Filter>
    </ClInclude>
    <ClInclude Include="AI\AIMacro.h">
      <Filter>ソース ファイル\AI</Filter>
    </ClInclude>
    <ClInclude Include="AI\LossFunction\L2Loss\L2Loss.h">
      <Filter>ソース ファイル\AI\LossFunction\L2Loss</Filter>
    </ClInclude>
    <ClInclude Include="AI\Layer\Convolution\Convolution.h">
      <Filter>ソース ファイル\AI\Layer\Convolution</Filter>
    </ClInclude>
    <ClInclude Include="AI\AIHelperFunction.h">
      <Filter>ソース ファイル\AI</Filter>
    </ClInclude>
    <ClInclude Include="AI\AIDebugSetting.h">
      <Filter>ソース ファイル\AI</Filter>
    </ClInclude>
    <ClInclude Include="AI\Layer\TransposeConv\TransposeConv.h">
      <Filter>ソース ファイル\AI\Layer\TransposeConv</Filter>
    </ClInclude>
  </ItemGroup>
  <ItemGroup>
    <ClCompile Include="AI\Optimizer\BaseOptimizer.cpp">
      <Filter>ソース ファイル\AI\Optimizer</Filter>
    </ClCompile>
    <ClCompile Include="AI\Optimizer\Adam\Adam.cpp">
      <Filter>ソース ファイル\AI\Optimizer\Adam</Filter>
    </ClCompile>
    <ClCompile Include="AI\Layer\Affine\Affine.cpp">
      <Filter>ソース ファイル\AI\Layer\Affine</Filter>
    </ClCompile>
    <ClCompile Include="AI\Layer\ReLU\ReLU.cpp">
      <Filter>ソース ファイル\AI\Layer\ReLU</Filter>
    </ClCompile>
    <ClCompile Include="AI\Optimizer\Sgd\Sgd.cpp">
      <Filter>ソース ファイル\AI\Optimizer\Sgd</Filter>
    </ClCompile>
    <ClCompile Include="AI\LossFunction\CrossEntropyWithSM\CrossEntropyWithSM.cpp">
      <Filter>ソース ファイル\AI\LossFunction\CrossEntropyWithSM</Filter>
    </ClCompile>
    <ClCompile Include="AI\Layer\BatchNorm2d\BatchNorm2d.cpp">
      <Filter>ソース ファイル\AI\Layer\BatchNorm2d</Filter>
    </ClCompile>
    <ClCompile Include="AI\LossFunction\L2Loss\L2Loss.cpp">
      <Filter>ソース ファイル\AI\LossFunction\L2Loss</Filter>
    </ClCompile>
    <ClCompile Include="AI\Layer\Convolution\Convolution.cpp">
      <Filter>ソース ファイル\AI\Layer\Convolution</Filter>
    </ClCompile>
  </ItemGroup>
</Project>