
Microsoft Visual Studio Solution File, Format Version 12.00
# Visual Studio Version 16
VisualStudioVersion = 16.0.33027.164
MinimumVisualStudioVersion = 10.0.40219.1
Project("{8BC9CEB8-8B4A-11D0-8D11-00A0C91BC942}") = "cudaDNN", "cudaDNN\cudaDNN.vcxproj", "{E44C02F1-0F86-4419-9140-D5FAB6B1B6CF}"
EndProject
Global
	GlobalSection(SolutionConfigurationPlatforms) = preSolution
		Debug|x64 = Debug|x64
		Debug|x86 = Debug|x86
		Release|x64 = Release|x64
		Release|x86 = Release|x86
	EndGlobalSection
	GlobalSection(ProjectConfigurationPlatforms) = postSolution
		{E44C02F1-0F86-4419-9140-D5FAB6B1B6CF}.Debug|x64.ActiveCfg = Debug|x64
		{E44C02F1-0F86-4419-9140-D5FAB6B1B6CF}.Debug|x64.Build.0 = Debug|x64
		{E44C02F1-0F86-4419-9140-D5FAB6B1B6CF}.Debug|x86.ActiveCfg = Debug|Win32
		{E44C02F1-0F86-4419-9140-D5FAB6B1B6CF}.Debug|x86.Build.0 = Debug|Win32
		{E44C02F1-0F86-4419-9140-D5FAB6B1B6CF}.Release|x64.ActiveCfg = Release|x64
		{E44C02F1-0F86-4419-9140-D5FAB6B1B6CF}.Release|x64.Build.0 = Release|x64
		{E44C02F1-0F86-4419-9140-D5FAB6B1B6CF}.Release|x86.ActiveCfg = Release|Win32
		{E44C02F1-0F86-4419-9140-D5FAB6B1B6CF}.Release|x86.Build.0 = Release|Win32
	EndGlobalSection
	GlobalSection(SolutionProperties) = preSolution
		HideSolutionNode = FALSE
	EndGlobalSection
	GlobalSection(ExtensibilityGlobals) = postSolution
		SolutionGuid = {D6791F65-F754-4858-83B3-F13EE77590DB}
	EndGlobalSection
EndGlobal
